lockfileVersion: '9.0'

settings:
  autoInstallPeers: true
  excludeLinksFromLockfile: false

importers:

  .:
    dependencies:
      '@tanstack/react-virtual':
        specifier: ^3
        version: 3.14.8(react-dom@19.2.7(react@19.2.7))(react@19.2.7)
      '@tauri-apps/api':
        specifier: ^2
        version: 2.11.1
      '@tauri-apps/plugin-dialog':
        specifier: ^2
        version: 2.7.2
      lucide-react:
        specifier: ^0.510.0
        version: 0.510.0(react@19.2.7)
      react:
        specifier: ^19
        version: 19.2.7
      react-dom:
        specifier: ^19
        version: 19.2.7(react@19.2.7)
    devDependencies:
      '@types/react':
        specifier: ^19.2.17
        version: 19.2.17
      '@types/react-dom':
        specifier: ^19.2.3
        version: 19.2.3(@types/react@19.2.17)

packages:

  '@tanstack/react-virtual@3.14.8':
    resolution: {integrity: sha512-O39GJQpAYEJcIu3uN1//YtmhjSEOyw75vg9CKCatBDPiD5hKtZQoJHfferyrB/LdOD3UWaoMLWtdEjarwIwdDw==}
    peerDependencies:
      react: ^16.8.0 || ^17.0.0 || ^18.0.0 || ^19.0.0
      react-dom: ^16.8.0 || ^17.0.0 || ^18.0.0 || ^19.0.0

  '@tanstack/virtual-core@3.17.6':
    resolution: {integrity: sha512-h0/Ebo18CkOrChlQIhNtQkM5ySUnh/GumQ/D1st3hG2HWUPEF+ILUc2k29UtivCi/9G7w7G3/f7Xyd5cCFbKBw==}

  '@tauri-apps/api@2.11.1':
    resolution: {integrity: sha512-M2FPuYND2m+wh5hfW9ZpSdxMPdEJovPBWwoHJmwUpysTYNHaOkVFN419m/K0LIgjb/7KU2vBgsUepJWugQCvAA==}

  '@tauri-apps/plugin-dialog@2.7.2':
    resolution: {integrity: sha512-pX0IGm1I3I6wc+zeKYcq1GSqogK6okCNX5fOdaNU5ab1AjGS6l1E5wFNjEb7meg7ZFSp0JUs+0jQGQNyOvLrsg==}

  '@types/react-dom@19.2.3':
    resolution: {integrity: sha512-jp2L/eY6fn+KgVVQAOqYItbF0VY/YApe5Mz2F0aykSO8gx31bYCZyvSeYxCHKvzHG5eZjc+zyaS5BrBWya2+kQ==}
    peerDependencies:
      '@types/react': ^19.2.0

  '@types/react@19.2.17':
    resolution: {integrity: sha512-MXfmqaVPEVgkBT/aY0aGCkRWWtByiYQXo3xdQ8r5RzuFrPiRn8Gar2tQdXSUQ2GKV3bkXckek89V8wQBY2Q/Aw==}

  csstype@3.2.3:
    resolution: {integrity: sha512-z1HGKcYy2xA8AGQfwrn0PAy+PB7X/GSj3UVJW9qKyn43xWa+gl5nXmU4qqLMRzWVLFC8KusUX8T/0kCiOYpAIQ==}

  lucide-react@0.510.0:
    resolution: {integrity: sha512-p8SQRAMVh7NhsAIETokSqDrc5CHnDLbV29mMnzaXx+Vc/hnqQzwI2r0FMWCcoTXnbw2KEjy48xwpGdEL+ck06Q==}
    peerDependencies:
      react: ^16.5.1 || ^17.0.0 || ^18.0.0 || ^19.0.0

  react-dom@19.2.7:
    resolution: {integrity: sha512-t0BRVXvbiE/o20Hfw669rLbMCDWtYZLvmJigy2f0MxsXF+71pxhR3xOkspmsO8h3ZlNzyibAmtCa3l4lYKk6gQ==}
    peerDependencies:
      react: ^19.2.7

  react@19.2.7:
    resolution: {integrity: sha512-HNe9WslTbXmFK8o8cmwgAeJFSBvt1bPdHCVKtaaV+WlAN36mpT4hcRpwbf3fY56ar2oIXzsBpOAiIRHAdY0OlQ==}
    engines: {node: '>=0.10.0'}

  scheduler@0.27.0:
    resolution: {integrity: sha512-eNv+WrVbKu1f3vbYJT/xtiF5syA5HPIMtf9IgY/nKg0sWqzAUEvqY/xm7OcZc/qafLx/iO9FgOmeSAp4v5ti/Q==}

snapshots:

  '@tanstack/react-virtual@3.14.8(react-dom@19.2.7(react@19.2.7))(react@19.2.7)':
    dependencies:
      '@tanstack/virtual-core': 3.17.6
      react: 19.2.7
      react-dom: 19.2.7(react@19.2.7)

  '@tanstack/virtual-core@3.17.6': {}

  '@tauri-apps/api@2.11.1': {}

  '@tauri-apps/plugin-dialog@2.7.2':
    dependencies:
      '@tauri-apps/api': 2.11.1

  '@types/react-dom@19.2.3(@types/react@19.2.17)':
    dependencies:
      '@types/react': 19.2.17

  '@types/react@19.2.17':
    dependencies:
      csstype: 3.2.3

  csstype@3.2.3: {}

  lucide-react@0.510.0(react@19.2.7):
    dependencies:
      react: 19.2.7

  react-dom@19.2.7(react@19.2.7):
    dependencies:
      react: 19.2.7
      scheduler: 0.27.0

  react@19.2.7: {}

  scheduler@0.27.0: {}
